
Microsoft Visual Studio Solution File, Format Version 12.00
# Visual Studio Version 17
VisualStudioVersion = 17.14.36623.8 d17.14
MinimumVisualStudioVersion = 10.0.40219.1
Project("{FAE04EC0-301F-11D3-BF4B-00C04F79EFBC}") = "StaircaseDetails", "StaircaseDetails.csproj", "{ED333C17-3CA0-4B61-AAEA-447A052BF32E}"
EndProject
Global
	GlobalSection(SolutionConfigurationPlatforms) = preSolution
		Debug|Any CPU = Debug|Any CPU
		Release|Any CPU = Release|Any CPU
	EndGlobalSection
	GlobalSection(ProjectConfigurationPlatforms) = postSolution
		{ED333C17-3CA0-4B61-AAEA-447A052BF32E}.Debug|Any CPU.ActiveCfg = Debug|Any CPU
		{ED333C17-3CA0-4B61-AAEA-447A052BF32E}.Debug|Any CPU.Build.0 = Debug|Any CPU
		{ED333C17-3CA0-4B61-AAEA-447A052BF32E}.Release|Any CPU.ActiveCfg = Release|Any CPU
		{ED333C17-3CA0-4B61-AAEA-447A052BF32E}.Release|Any CPU.Build.0 = Release|Any CPU
	EndGlobalSection
	GlobalSection(SolutionProperties) = preSolution
		HideSolutionNode = FALSE
	EndGlobalSection
	GlobalSection(ExtensibilityGlobals) = postSolution
		SolutionGuid = {AFF60B94-73D6-4112-A824-41ECDBB4BEC9}
	EndGlobalSection
EndGlobal
